
Microsoft Visual Studio Solution File, Format Version 12.00
# Visual Studio Version 16
VisualStudioVersion = 16.0.30611.23
MinimumVisualStudioVersion = 10.0.40219.1
Project("{2150E333-8FDC-42A3-9474-1A3956D46DE8}") = "Presentation", "Presentation", "{A3CFE498-8E16-4AEF-B52E-E91F0EA6EF2F}"
EndProject
Project("{FAE04EC0-301F-11D3-BF4B-00C04F79EFBC}") = "PresentationWebApp", "PresentationWebApp\PresentationWebApp.csproj", "{807920BB-FD20-4BAE-9972-97AA8DD895C5}"
EndProject
Project("{2150E333-8FDC-42A3-9474-1A3956D46DE8}") = "Data", "Data", "{38657D8B-EFAD-4EFD-B948-9600D5024367}"
EndProject
Project("{2150E333-8FDC-42A3-9474-1A3956D46DE8}") = "Application", "Application", "{20B5CCF1-9D91-4AEE-8C10-96B2175050C1}"
EndProject
Project("{2150E333-8FDC-42A3-9474-1A3956D46DE8}") = "Domain", "Domain", "{2CC24355-5AEB-4BD7-8AE2-7D4FF3468A9A}"
EndProject
Project("{2150E333-8FDC-42A3-9474-1A3956D46DE8}") = "IOC", "IOC", "{1291087E-7550-43B7-B8BD-A254A183F6B2}"
EndProject
Project("{FAE04EC0-301F-11D3-BF4B-00C04F79EFBC}") = "ShoppingCart.Domain", "ShoppingCart.Domain\ShoppingCart.Domain.csproj", "{98F23CD4-E4A4-4207-AE53-7436B3789296}"
EndProject
Project("{FAE04EC0-301F-11D3-BF4B-00C04F79EFBC}") = "ShoppingCart.Data", "ShoppingCart.Data\ShoppingCart.Data.csproj", "{46BB59BC-1A7D-473D-89DE-946EDFCECECD}"
EndProject
Project("{FAE04EC0-301F-11D3-BF4B-00C04F79EFBC}") = "ShoppingCart.Application", "ShoppingCart.Application\ShoppingCart.Application.csproj", "{51860204-7E09-42C0-8237-2331DC7F42E6}"
EndProject
Project("{FAE04EC0-301F-11D3-BF4B-00C04F79EFBC}") = "ShoppingCart.IOC", "ShoppingCart.IOC\ShoppingCart.IOC.csproj", "{2DB1143A-AFBC-40EB-B536-D12F4DB27A01}"
EndProject
Global
	GlobalSection(SolutionConfigurationPlatforms) = preSolution
		Debug|Any CPU = Debug|Any CPU
		Release|Any CPU = Release|Any CPU
	EndGlobalSection
	GlobalSection(ProjectConfigurationPlatforms) = postSolution
		{807920BB-FD20-4BAE-9972-97AA8DD895C5}.Debug|Any CPU.ActiveCfg = Debug|Any CPU
		{807920BB-FD20-4BAE-9972-97AA8DD895C5}.Debug|Any CPU.Build.0 = Debug|Any CPU
		{807920BB-FD20-4BAE-9972-97AA8DD895C5}.Release|Any CPU.ActiveCfg = Release|Any CPU
		{807920BB-FD20-4BAE-9972-97AA8DD895C5}.Release|Any CPU.Build.0 = Release|Any CPU
		{98F23CD4-E4A4-4207-AE53-7436B3789296}.Debug|Any CPU.ActiveCfg = Debug|Any CPU
		{98F23CD4-E4A4-4207-AE53-7436B3789296}.Debug|Any CPU.Build.0 = Debug|Any CPU
		{98F23CD4-E4A4-4207-AE53-7436B3789296}.Release|Any CPU.ActiveCfg = Release|Any CPU
		{98F23CD4-E4A4-4207-AE53-7436B3789296}.Release|Any CPU.Build.0 = Release|Any CPU
		{46BB59BC-1A7D-473D-89DE-946EDFCECECD}.Debug|Any CPU.ActiveCfg = Debug|Any CPU
		{46BB59BC-1A7D-473D-89DE-946EDFCECECD}.Debug|Any CPU.Build.0 = Debug|Any CPU
		{46BB59BC-1A7D-473D-89DE-946EDFCECECD}.Release|Any CPU.ActiveCfg = Release|Any CPU
		{46BB59BC-1A7D-473D-89DE-946EDFCECECD}.Release|Any CPU.Build.0 = Release|Any CPU
		{51860204-7E09-42C0-8237-2331DC7F42E6}.Debug|Any CPU.ActiveCfg = Debug|Any CPU
		{51860204-7E09-42C0-8237-2331DC7F42E6}.Debug|Any CPU.Build.0 = Debug|Any CPU
		{51860204-7E09-42C0-8237-2331DC7F42E6}.Release|Any CPU.ActiveCfg = Release|Any CPU
		{51860204-7E09-42C0-8237-2331DC7F42E6}.Release|Any CPU.Build.0 = Release|Any CPU
		{2DB1143A-AFBC-40EB-B536-D12F4DB27A01}.Debug|Any CPU.ActiveCfg = Debug|Any CPU
		{2DB1143A-AFBC-40EB-B536-D12F4DB27A01}.Debug|Any CPU.Build.0 = Debug|Any CPU
		{2DB1143A-AFBC-40EB-B536-D12F4DB27A01}.Release|Any CPU.ActiveCfg = Release|Any CPU
		{2DB1143A-AFBC-40EB-B536-D12F4DB27A01}.Release|Any CPU.Build.0 = Release|Any CPU
	EndGlobalSection
	GlobalSection(SolutionProperties) = preSolution
		HideSolutionNode = FALSE
	EndGlobalSection
	GlobalSection(NestedProjects) = preSolution
		{807920BB-FD20-4BAE-9972-97AA8DD895C5} = {A3CFE498-8E16-4AEF-B52E-E91F0EA6EF2F}
		{98F23CD4-E4A4-4207-AE53-7436B3789296} = {2CC24355-5AEB-4BD7-8AE2-7D4FF3468A9A}
		{46BB59BC-1A7D-473D-89DE-946EDFCECECD} = {38657D8B-EFAD-4EFD-B948-9600D5024367}
		{51860204-7E09-42C0-8237-2331DC7F42E6} = {20B5CCF1-9D91-4AEE-8C10-96B2175050C1}
		{2DB1143A-AFBC-40EB-B536-D12F4DB27A01} = {1291087E-7550-43B7-B8BD-A254A183F6B2}
	EndGlobalSection
	GlobalSection(ExtensibilityGlobals) = postSolution
		SolutionGuid = {F633E623-8916-4F18-A42F-76CFAD98A998}
	EndGlobalSection
EndGlobal
